
Microsoft Visual Studio Solution File, Format Version 12.00
# Visual Studio Version 17
VisualStudioVersion = 17.2.32630.192
MinimumVisualStudioVersion = 10.0.40219.1
Project("{9A19103F-16F7-4668-BE54-9A1E7A4F7556}") = "SayHello", "WpfApp1\SayHello.csproj", "{561E6DE5-E57F-4536-9093-DE60A03F4DBA}"
EndProject
Project("{9A19103F-16F7-4668-BE54-9A1E7A4F7556}") = "lille lommeregner", "lille lommeregner\lille lommeregner.csproj", "{D243BA68-888E-4E5A-80B8-7310F6FCD8D2}"
EndProject
Project("{9A19103F-16F7-4668-BE54-9A1E7A4F7556}") = "Debbugging", "Debbugging\Debbugging.csproj", "{8E75DDC6-CE0B-4775-960B-8891E7E6F483}"
EndProject
Project("{9A19103F-16F7-4668-BE54-9A1E7A4F7556}") = "BMI beregner", "BMI beregner\BMI beregner.csproj", "{5ED3CAE0-4DD6-45F7-8A82-F47AE6A1A8D7}"
EndProject
Project("{9A19103F-16F7-4668-BE54-9A1E7A4F7556}") = "ClassAct", "ClassAct\ClassAct.csproj", "{10EAD75A-1B09-427E-8C8C-3CE1251A2063}"
EndProject
Project("{9A19103F-16F7-4668-BE54-9A1E7A4F7556}") = "TooManyWindows", "TooManyWindows\TooManyWindows.csproj", "{2DB7FF03-653F-46D0-AED4-205A3D860480}"
EndProject
Project("{9A19103F-16F7-4668-BE54-9A1E7A4F7556}") = "ObjectTransfer", "ObjectTransfer\ObjectTransfer.csproj", "{B8507EC4-3C74-4654-B84C-F65E8FF425DF}"
EndProject
Project("{9A19103F-16F7-4668-BE54-9A1E7A4F7556}") = "BingoGame", "BingoGame\BingoGame.csproj", "{02BAD1BD-0827-4BDA-859F-BEA63A8E74EC}"
EndProject
Project("{9A19103F-16F7-4668-BE54-9A1E7A4F7556}") = "Databinding eksempel", "Databinding eksempel\Databinding eksempel.csproj", "{56847A74-51FA-4664-99B9-4F56661FD1A7}"
EndProject
Project("{9A19103F-16F7-4668-BE54-9A1E7A4F7556}") = "TwoWayTest", "TwoWayTest\TwoWayTest.csproj", "{48D6E931-D7A3-44A9-AA8B-64722E2045E0}"
EndProject
Project("{FAE04EC0-301F-11D3-BF4B-00C04F79EFBC}") = "DataTemplate", "DataTemplate\DataTemplate.csproj", "{F10494EB-7452-4727-B36F-8C0BE85CE2DD}"
EndProject
Global
	GlobalSection(SolutionConfigurationPlatforms) = preSolution
		Debug|Any CPU = Debug|Any CPU
		Release|Any CPU = Release|Any CPU
	EndGlobalSection
	GlobalSection(ProjectConfigurationPlatforms) = postSolution
		{561E6DE5-E57F-4536-9093-DE60A03F4DBA}.Debug|Any CPU.ActiveCfg = Debug|Any CPU
		{561E6DE5-E57F-4536-9093-DE60A03F4DBA}.Debug|Any CPU.Build.0 = Debug|Any CPU
		{561E6DE5-E57F-4536-9093-DE60A03F4DBA}.Release|Any CPU.ActiveCfg = Release|Any CPU
		{561E6DE5-E57F-4536-9093-DE60A03F4DBA}.Release|Any CPU.Build.0 = Release|Any CPU
		{D243BA68-888E-4E5A-80B8-7310F6FCD8D2}.Debug|Any CPU.ActiveCfg = Debug|Any CPU
		{D243BA68-888E-4E5A-80B8-7310F6FCD8D2}.Debug|Any CPU.Build.0 = Debug|Any CPU
		{D243BA68-888E-4E5A-80B8-7310F6FCD8D2}.Release|Any CPU.ActiveCfg = Release|Any CPU
		{D243BA68-888E-4E5A-80B8-7310F6FCD8D2}.Release|Any CPU.Build.0 = Release|Any CPU
		{8E75DDC6-CE0B-4775-960B-8891E7E6F483}.Debug|Any CPU.ActiveCfg = Debug|Any CPU
		{8E75DDC6-CE0B-4775-960B-8891E7E6F483}.Debug|Any CPU.Build.0 = Debug|Any CPU
		{8E75DDC6-CE0B-4775-960B-8891E7E6F483}.Release|Any CPU.ActiveCfg = Release|Any CPU
		{8E75DDC6-CE0B-4775-960B-8891E7E6F483}.Release|Any CPU.Build.0 = Release|Any CPU
		{5ED3CAE0-4DD6-45F7-8A82-F47AE6A1A8D7}.Debug|Any CPU.ActiveCfg = Debug|Any CPU
		{5ED3CAE0-4DD6-45F7-8A82-F47AE6A1A8D7}.Debug|Any CPU.Build.0 = Debug|Any CPU
		{5ED3CAE0-4DD6-45F7-8A82-F47AE6A1A8D7}.Release|Any CPU.ActiveCfg = Release|Any CPU
		{5ED3CAE0-4DD6-45F7-8A82-F47AE6A1A8D7}.Release|Any CPU.Build.0 = Release|Any CPU
		{10EAD75A-1B09-427E-8C8C-3CE1251A2063}.Debug|Any CPU.ActiveCfg = Debug|Any CPU
		{10EAD75A-1B09-427E-8C8C-3CE1251A2063}.Debug|Any CPU.Build.0 = Debug|Any CPU
		{10EAD75A-1B09-427E-8C8C-3CE1251A2063}.Release|Any CPU.ActiveCfg = Release|Any CPU
		{10EAD75A-1B09-427E-8C8C-3CE1251A2063}.Release|Any CPU.Build.0 = Release|Any CPU
		{2DB7FF03-653F-46D0-AED4-205A3D860480}.Debug|Any CPU.ActiveCfg = Debug|Any CPU
		{2DB7FF03-653F-46D0-AED4-205A3D860480}.Debug|Any CPU.Build.0 = Debug|Any CPU
		{2DB7FF03-653F-46D0-AED4-205A3D860480}.Release|Any CPU.ActiveCfg = Release|Any CPU
		{2DB7FF03-653F-46D0-AED4-205A3D860480}.Release|Any CPU.Build.0 = Release|Any CPU
		{B8507EC4-3C74-4654-B84C-F65E8FF425DF}.Debug|Any CPU.ActiveCfg = Debug|Any CPU
		{B8507EC4-3C74-4654-B84C-F65E8FF425DF}.Debug|Any CPU.Build.0 = Debug|Any CPU
		{B8507EC4-3C74-4654-B84C-F65E8FF425DF}.Release|Any CPU.ActiveCfg = Release|Any CPU
		{B8507EC4-3C74-4654-B84C-F65E8FF425DF}.Release|Any CPU.Build.0 = Release|Any CPU
		{02BAD1BD-0827-4BDA-859F-BEA63A8E74EC}.Debug|Any CPU.ActiveCfg = Debug|Any CPU
		{02BAD1BD-0827-4BDA-859F-BEA63A8E74EC}.Debug|Any CPU.Build.0 = Debug|Any CPU
		{02BAD1BD-0827-4BDA-859F-BEA63A8E74EC}.Release|Any CPU.ActiveCfg = Release|Any CPU
		{02BAD1BD-0827-4BDA-859F-BEA63A8E74EC}.Release|Any CPU.Build.0 = Release|Any CPU
		{56847A74-51FA-4664-99B9-4F56661FD1A7}.Debug|Any CPU.ActiveCfg = Debug|Any CPU
		{56847A74-51FA-4664-99B9-4F56661FD1A7}.Debug|Any CPU.Build.0 = Debug|Any CPU
		{56847A74-51FA-4664-99B9-4F56661FD1A7}.Release|Any CPU.ActiveCfg = Release|Any CPU
		{56847A74-51FA-4664-99B9-4F56661FD1A7}.Release|Any CPU.Build.0 = Release|Any CPU
		{48D6E931-D7A3-44A9-AA8B-64722E2045E0}.Debug|Any CPU.ActiveCfg = Debug|Any CPU
		{48D6E931-D7A3-44A9-AA8B-64722E2045E0}.Debug|Any CPU.Build.0 = Debug|Any CPU
		{48D6E931-D7A3-44A9-AA8B-64722E2045E0}.Release|Any CPU.ActiveCfg = Release|Any CPU
		{48D6E931-D7A3-44A9-AA8B-64722E2045E0}.Release|Any CPU.Build.0 = Release|Any CPU
		{F10494EB-7452-4727-B36F-8C0BE85CE2DD}.Debug|Any CPU.ActiveCfg = Debug|Any CPU
		{F10494EB-7452-4727-B36F-8C0BE85CE2DD}.Debug|Any CPU.Build.0 = Debug|Any CPU
		{F10494EB-7452-4727-B36F-8C0BE85CE2DD}.Release|Any CPU.ActiveCfg = Release|Any CPU
		{F10494EB-7452-4727-B36F-8C0BE85CE2DD}.Release|Any CPU.Build.0 = Release|Any CPU
	EndGlobalSection
	GlobalSection(SolutionProperties) = preSolution
		HideSolutionNode = FALSE
	EndGlobalSection
	GlobalSection(ExtensibilityGlobals) = postSolution
		SolutionGuid = {044933BB-783B-4445-ADD9-D4A29B4D12C6}
	EndGlobalSection
EndGlobal
